# This file is automatically @generated by Poetry 1.8.3 and should not be changed by hand.

[[package]]
name = "orjson"
version = "3.10.13"
description = "Fast, correct Python JSON library supporting dataclasses, datetimes, and numpy"
optional = false
python-versions = ">=3.8"
files = [
    {file = "orjson-3.10.13-cp310-cp310-macosx_10_15_x86_64.macosx_11_0_arm64.macosx_10_15_universal2.whl", hash = "sha256:1232c5e873a4d1638ef957c5564b4b0d6f2a6ab9e207a9b3de9de05a09d1d920"},
    {file = "orjson-3.10.13-cp310-cp310-manylinux_2_17_aarch64.manylinux2014_aarch64.whl", hash = "sha256:d26a0eca3035619fa366cbaf49af704c7cb1d4a0e6c79eced9f6a3f2437964b6"},
    {file = "orjson-3.10.13-cp310-cp310-manylinux_2_17_armv7l.manylinux2014_armv7l.whl", hash = "sha256:d4b6acd7c9c829895e50d385a357d4b8c3fafc19c5989da2bae11783b0fd4977"},
    {file = "orjson-3.10.13-cp310-cp310-manylinux_2_17_ppc64le.manylinux2014_ppc64le.whl", hash = "sha256:1884e53c6818686891cc6fc5a3a2540f2f35e8c76eac8dc3b40480fb59660b00"},
    {file = "orjson-3.10.13-cp310-cp310-manylinux_2_17_s390x.manylinux2014_s390x.whl", hash = "sha256:6a428afb5720f12892f64920acd2eeb4d996595bf168a26dd9190115dbf1130d"},
    {file = "orjson-3.10.13-cp310-cp310-manylinux_2_17_x86_64.manylinux2014_x86_64.whl", hash = "sha256:ba5b13b8739ce5b630c65cb1c85aedbd257bcc2b9c256b06ab2605209af75a2e"},
    {file = "orjson-3.10.13-cp310-cp310-manylinux_2_5_i686.manylinux1_i686.whl", hash = "sha256:cab83e67f6aabda1b45882254b2598b48b80ecc112968fc6483fa6dae609e9f0"},
    {file = "orjson-3.10.13-cp310-cp310-musllinux_1_2_aarch64.whl", hash = "sha256:62c3cc00c7e776c71c6b7b9c48c5d2701d4c04e7d1d7cdee3572998ee6dc57cc"},
    {file = "orjson-3.10.13-cp310-cp310-musllinux_1_2_armv7l.whl", hash = "sha256:dc03db4922e75bbc870b03fc49734cefbd50fe975e0878327d200022210b82d8"},
    {file = "orjson-3.10.13-cp310-cp310-musllinux_1_2_i686.whl", hash = "sha256:22f1c9a30b43d14a041a6ea190d9eca8a6b80c4beb0e8b67602c82d30d6eec3e"},
    {file = "orjson-3.10.13-cp310-cp310-musllinux_1_2_x86_64.whl", hash = "sha256:b42f56821c29e697c68d7d421410d7c1d8f064ae288b525af6a50cf99a4b1200"},
    {file = "orjson-3.10.13-cp310-cp310-win32.whl", hash = "sha256:0dbf3b97e52e093d7c3e93eb5eb5b31dc7535b33c2ad56872c83f0160f943487"},
    {file = "orjson-3.10.13-cp310-cp310-win_amd64.whl", hash = "sha256:46c249b4e934453be4ff2e518cd1adcd90467da7391c7a79eaf2fbb79c51e8c7"},
    {file = "orjson-3.10.13-cp311-cp311-macosx_10_15_x86_64.macosx_11_0_arm64.macosx_10_15_universal2.whl", hash = "sha256:a36c0d48d2f084c800763473020a12976996f1109e2fcb66cfea442fdf88047f"},
    {file = "orjson-3.10.13-cp311-cp311-manylinux_2_17_aarch64.manylinux2014_aarch64.whl", hash = "sha256:0065896f85d9497990731dfd4a9991a45b0a524baec42ef0a63c34630ee26fd6"},
    {file = "orjson-3.10.13-cp311-cp311-manylinux_2_17_armv7l.manylinux2014_armv7l.whl", hash = "sha256:92b4ec30d6025a9dcdfe0df77063cbce238c08d0404471ed7a79f309364a3d19"},
    {file = "orjson-3.10.13-cp311-cp311-manylinux_2_17_ppc64le.manylinux2014_ppc64le.whl", hash = "sha256:a94542d12271c30044dadad1125ee060e7a2048b6c7034e432e116077e1d13d2"},
    {file = "orjson-3.10.13-cp311-cp311-manylinux_2_17_s390x.manylinux2014_s390x.whl", hash = "sha256:3723e137772639af8adb68230f2aa4bcb27c48b3335b1b1e2d49328fed5e244c"},
    {file = "orjson-3.10.13-cp311-cp311-manylinux_2_17_x86_64.manylinux2014_x86_64.whl", hash = "sha256:5f00c7fb18843bad2ac42dc1ce6dd214a083c53f1e324a0fd1c8137c6436269b"},
    {file = "orjson-3.10.13-cp311-cp311-manylinux_2_5_i686.manylinux1_i686.whl", hash = "sha256:0e2759d3172300b2f892dee85500b22fca5ac49e0c42cfff101aaf9c12ac9617"},
    {file = "orjson-3.10.13-cp311-cp311-musllinux_1_2_aarch64.whl", hash = "sha256:ee948c6c01f6b337589c88f8e0bb11e78d32a15848b8b53d3f3b6fea48842c12"},
    {file = "orjson-3.10.13-cp311-cp311-musllinux_1_2_armv7l.whl", hash = "sha256:aa6fe68f0981fba0d4bf9cdc666d297a7cdba0f1b380dcd075a9a3dd5649a69e"},
    {file = "orjson-3.10.13-cp311-cp311-musllinux_1_2_i686.whl", hash = "sha256:dbcd7aad6bcff258f6896abfbc177d54d9b18149c4c561114f47ebfe74ae6bfd"},
    {file = "orjson-3.10.13-cp311-cp311-musllinux_1_2_x86_64.whl", hash = "sha256:2149e2fcd084c3fd584881c7f9d7f9e5ad1e2e006609d8b80649655e0d52cd02"},
    {file = "orjson-3.10.13-cp311-cp311-win32.whl", hash = "sha256:89367767ed27b33c25c026696507c76e3d01958406f51d3a2239fe9e91959df2"},
    {file = "orjson-3.10.13-cp311-cp311-win_amd64.whl", hash = "sha256:dca1d20f1af0daff511f6e26a27354a424f0b5cf00e04280279316df0f604a6f"},
    {file = "orjson-3.10.13-cp312-cp312-macosx_10_15_x86_64.macosx_11_0_arm64.macosx_10_15_universal2.whl", hash = "sha256:a3614b00621c77f3f6487792238f9ed1dd8a42f2ec0e6540ee34c2d4e6db813a"},
    {file = "orjson-3.10.13-cp312-cp312-manylinux_2_17_aarch64.manylinux2014_aarch64.whl", hash = "sha256:9c976bad3996aa027cd3aef78aa57873f3c959b6c38719de9724b71bdc7bd14b"},
    {file = "orjson-3.10.13-cp312-cp312-manylinux_2_17_armv7l.manylinux2014_armv7l.whl", hash = "sha256:5f74d878d1efb97a930b8a9f9898890067707d683eb5c7e20730030ecb3fb930"},
    {file = "orjson-3.10.13-cp312-cp312-manylinux_2_17_ppc64le.manylinux2014_ppc64le.whl", hash = "sha256:33ef84f7e9513fb13b3999c2a64b9ca9c8143f3da9722fbf9c9ce51ce0d8076e"},
    {file = "orjson-3.10.13-cp312-cp312-manylinux_2_17_s390x.manylinux2014_s390x.whl", hash = "sha256:dd2bcde107221bb9c2fa0c4aaba735a537225104173d7e19cf73f70b3126c993"},
    {file = "orjson-3.10.13-cp312-cp312-manylinux_2_17_x86_64.manylinux2014_x86_64.whl", hash = "sha256:064b9dbb0217fd64a8d016a8929f2fae6f3312d55ab3036b00b1d17399ab2f3e"},
    {file = "orjson-3.10.13-cp312-cp312-manylinux_2_5_i686.manylinux1_i686.whl", hash = "sha256:c0044b0b8c85a565e7c3ce0a72acc5d35cda60793edf871ed94711e712cb637d"},
    {file = "orjson-3.10.13-cp312-cp312-musllinux_1_2_aarch64.whl", hash = "sha256:7184f608ad563032e398f311910bc536e62b9fbdca2041be889afcbc39500de8"},
    {file = "orjson-3.10.13-cp312-cp312-musllinux_1_2_armv7l.whl", hash = "sha256:d36f689e7e1b9b6fb39dbdebc16a6f07cbe994d3644fb1c22953020fc575935f"},
    {file = "orjson-3.10.13-cp312-cp312-musllinux_1_2_i686.whl", hash = "sha256:54433e421618cd5873e51c0e9d0b9fb35f7bf76eb31c8eab20b3595bb713cd3d"},
    {file = "orjson-3.10.13-cp312-cp312-musllinux_1_2_x86_64.whl", hash = "sha256:e1ba0c5857dd743438acecc1cd0e1adf83f0a81fee558e32b2b36f89e40cee8b"},
    {file = "orjson-3.10.13-cp312-cp312-win32.whl", hash = "sha256:a42b9fe4b0114b51eb5cdf9887d8c94447bc59df6dbb9c5884434eab947888d8"},
    {file = "orjson-3.10.13-cp312-cp312-win_amd64.whl", hash = "sha256:3a7df63076435f39ec024bdfeb4c9767ebe7b49abc4949068d61cf4857fa6d6c"},
    {file = "orjson-3.10.13-cp313-cp313-macosx_10_15_x86_64.macosx_11_0_arm64.macosx_10_15_universal2.whl", hash = "sha256:2cdaf8b028a976ebab837a2c27b82810f7fc76ed9fb243755ba650cc83d07730"},
    {file = "orjson-3.10.13-cp313-cp313-manylinux_2_17_aarch64.manylinux2014_aarch64.whl", hash = "sha256:48a946796e390cbb803e069472de37f192b7a80f4ac82e16d6eb9909d9e39d56"},
    {file = "orjson-3.10.13-cp313-cp313-manylinux_2_17_x86_64.manylinux2014_x86_64.whl", hash = "sha256:1a7d64f1db5ecbc21eb83097e5236d6ab7e86092c1cd4c216c02533332951afc"},
    {file = "orjson-3.10.13-cp313-cp313-musllinux_1_2_aarch64.whl", hash = "sha256:711878da48f89df194edd2ba603ad42e7afed74abcd2bac164685e7ec15f96de"},
    {file = "orjson-3.10.13-cp313-cp313-musllinux_1_2_armv7l.whl", hash = "sha256:cf16f06cb77ce8baf844bc222dbcb03838f61d0abda2c3341400c2b7604e436e"},
    {file = "orjson-3.10.13-cp313-cp313-musllinux_1_2_i686.whl", hash = "sha256:8257c3fb8dd7b0b446b5e87bf85a28e4071ac50f8c04b6ce2d38cb4abd7dff57"},
    {file = "orjson-3.10.13-cp313-cp313-musllinux_1_2_x86_64.whl", hash = "sha256:d9c3a87abe6f849a4a7ac8a8a1dede6320a4303d5304006b90da7a3cd2b70d2c"},
    {file = "orjson-3.10.13-cp313-cp313-win32.whl", hash = "sha256:527afb6ddb0fa3fe02f5d9fba4920d9d95da58917826a9be93e0242da8abe94a"},
    {file = "orjson-3.10.13-cp313-cp313-win_amd64.whl", hash = "sha256:b5f7c298d4b935b222f52d6c7f2ba5eafb59d690d9a3840b7b5c5cda97f6ec5c"},
    {file = "orjson-3.10.13-cp38-cp38-macosx_10_15_x86_64.macosx_11_0_arm64.macosx_10_15_universal2.whl", hash = "sha256:e49333d1038bc03a25fdfe11c86360df9b890354bfe04215f1f54d030f33c342"},
    {file = "orjson-3.10.13-cp38-cp38-manylinux_2_17_aarch64.manylinux2014_aarch64.whl", hash = "sha256:003721c72930dbb973f25c5d8e68d0f023d6ed138b14830cc94e57c6805a2eab"},
    {file = "orjson-3.10.13-cp38-cp38-manylinux_2_17_armv7l.manylinux2014_armv7l.whl", hash = "sha256:63664bf12addb318dc8f032160e0f5dc17eb8471c93601e8f5e0d07f95003784"},
    {file = "orjson-3.10.13-cp38-cp38-manylinux_2_17_ppc64le.manylinux2014_ppc64le.whl", hash = "sha256:6066729cf9552d70de297b56556d14b4f49c8f638803ee3c90fd212fa43cc6af"},
    {file = "orjson-3.10.13-cp38-cp38-manylinux_2_17_s390x.manylinux2014_s390x.whl", hash = "sha256:8a1152e2761025c5d13b5e1908d4b1c57f3797ba662e485ae6f26e4e0c466388"},
    {file = "orjson-3.10.13-cp38-cp38-manylinux_2_17_x86_64.manylinux2014_x86_64.whl", hash = "sha256:69b21d91c5c5ef8a201036d207b1adf3aa596b930b6ca3c71484dd11386cf6c3"},
    {file = "orjson-3.10.13-cp38-cp38-manylinux_2_5_i686.manylinux1_i686.whl", hash = "sha256:b12a63f48bb53dba8453d36ca2661f2330126d54e26c1661e550b32864b28ce3"},
    {file = "orjson-3.10.13-cp38-cp38-musllinux_1_2_aarch64.whl", hash = "sha256:a5a7624ab4d121c7e035708c8dd1f99c15ff155b69a1c0affc4d9d8b551281ba"},
    {file = "orjson-3.10.13-cp38-cp38-musllinux_1_2_armv7l.whl", hash = "sha256:0fee076134398d4e6cb827002468679ad402b22269510cf228301b787fdff5ae"},
    {file = "orjson-3.10.13-cp38-cp38-musllinux_1_2_i686.whl", hash = "sha256:ae537fcf330b3947e82c6ae4271e092e6cf16b9bc2cef68b14ffd0df1fa8832a"},
    {file = "orjson-3.10.13-cp38-cp38-musllinux_1_2_x86_64.whl", hash = "sha256:f81b26c03f5fb5f0d0ee48d83cea4d7bc5e67e420d209cc1a990f5d1c62f9be0"},
    {file = "orjson-3.10.13-cp38-cp38-win32.whl", hash = "sha256:0bc858086088b39dc622bc8219e73d3f246fb2bce70a6104abd04b3a080a66a8"},
    {file = "orjson-3.10.13-cp38-cp38-win_amd64.whl", hash = "sha256:3ca6f17467ebbd763f8862f1d89384a5051b461bb0e41074f583a0ebd7120e8e"},
    {file = "orjson-3.10.13-cp39-cp39-macosx_10_15_x86_64.macosx_11_0_arm64.macosx_10_15_universal2.whl", hash = "sha256:4a11532cbfc2f5752c37e84863ef8435b68b0e6d459b329933294f65fa4bda1a"},
    {file = "orjson-3.10.13-cp39-cp39-manylinux_2_17_aarch64.manylinux2014_aarch64.whl", hash = "sha256:c96d2fb80467d1d0dfc4d037b4e1c0f84f1fe6229aa7fea3f070083acef7f3d7"},
    {file = "orjson-3.10.13-cp39-cp39-manylinux_2_17_armv7l.manylinux2014_armv7l.whl", hash = "sha256:dda4ba4d3e6f6c53b6b9c35266788053b61656a716a7fef5c884629c2a52e7aa"},
    {file = "orjson-3.10.13-cp39-cp39-manylinux_2_17_ppc64le.manylinux2014_ppc64le.whl", hash = "sha256:e4f998bbf300690be881772ee9c5281eb9c0044e295bcd4722504f5b5c6092ff"},
    {file = "orjson-3.10.13-cp39-cp39-manylinux_2_17_s390x.manylinux2014_s390x.whl", hash = "sha256:dce1cc42ed75b585c0c4dc5eb53a90a34ccb493c09a10750d1a1f9b9eff2bd12"},
    {file = "orjson-3.10.13-cp39-cp39-manylinux_2_17_x86_64.manylinux2014_x86_64.whl", hash = "sha256:03b0f29d485411e3c13d79604b740b14e4e5fb58811743f6f4f9693ee6480a8f"},
    {file = "orjson-3.10.13-cp39-cp39-manylinux_2_5_i686.manylinux1_i686.whl", hash = "sha256:233aae4474078d82f425134bb6a10fb2b3fc5a1a1b3420c6463ddd1b6a97eda8"},
    {file = "orjson-3.10.13-cp39-cp39-musllinux_1_2_aarch64.whl", hash = "sha256:e384e330a67cf52b3597ee2646de63407da6f8fc9e9beec3eaaaef5514c7a1c9"},
    {file = "orjson-3.10.13-cp39-cp39-musllinux_1_2_armv7l.whl", hash = "sha256:4222881d0aab76224d7b003a8e5fdae4082e32c86768e0e8652de8afd6c4e2c1"},
    {file = "orjson-3.10.13-cp39-cp39-musllinux_1_2_i686.whl", hash = "sha256:e400436950ba42110a20c50c80dff4946c8e3ec09abc1c9cf5473467e83fd1c5"},
    {file = "orjson-3.10.13-cp39-cp39-musllinux_1_2_x86_64.whl", hash = "sha256:f47c9e7d224b86ffb086059cdcf634f4b3f32480f9838864aa09022fe2617ce2"},
    {file = "orjson-3.10.13-cp39-cp39-win32.whl", hash = "sha256:a9ecea472f3eb653e1c0a3d68085f031f18fc501ea392b98dcca3e87c24f9ebe"},
    {file = "orjson-3.10.13-cp39-cp39-win_amd64.whl", hash = "sha256:5385935a73adce85cc7faac9d396683fd813566d3857fa95a0b521ef84a5b588"},
    {file = "orjson-3.10.13.tar.gz", hash = "sha256:eb9bfb14ab8f68d9d9492d4817ae497788a15fd7da72e14dfabc289c3bb088ec"},
]

[[package]]
name = "pika"
version = "1.3.2"
description = "Pika Python AMQP Client Library"
optional = false
python-versions = ">=3.7"
files = [
    {file = "pika-1.3.2-py3-none-any.whl", hash = "sha256:0779a7c1fafd805672796085560d290213a465e4f6f76a6fb19e378d8041a14f"},
    {file = "pika-1.3.2.tar.gz", hash = "sha256:b2a327ddddf8570b4965b3576ac77091b850262d34ce8c1d8cb4e4146aa4145f"},
]

[package.extras]
gevent = ["gevent"]
tornado = ["tornado"]
twisted = ["twisted"]

[metadata]
lock-version = "2.0"
python-versions = "^3.11"
content-hash = "f917dfdde50ca65ec3234c9141a3224c0542f9c996d36a3acc19e111db618794"
