version = 1
revision = 3
requires-python = ">=3.11"

[[package]]
name = "colorama"
version = "0.4.6"
source = { registry = "https://pypi.org/simple" }
sdist = { url = "https://files.pythonhosted.org/packages/d8/53/6f443c9a4a8358a93a6792e2acffb9d9d5cb0a5cfd8802644b7b1c9a02e4/colorama-0.4.6.tar.gz", hash = "sha256:08695f5cb7ed6e0531a20572697297273c47b8cae5a63ffc6d6ed5c201be6e44", size = 27697, upload-time = "2022-10-25T02:36:22.414Z" }
wheels = [
    { url = "https://files.pythonhosted.org/packages/d1/d6/3965ed04c63042e047cb6a3e6ed1a63a35087b6a609aa3a15ed8ac56c221/colorama-0.4.6-py2.py3-none-any.whl", hash = "sha256:4f1d9991f5acc0ca119f9d443620b77f9d6b33703e51011c16baf57afb285fc6", size = 25335, upload-time = "2022-10-25T02:36:20.889Z" },
]

[[package]]
name = "iniconfig"
version = "2.3.0"
source = { registry = "https://pypi.org/simple" }
sdist = { url = "https://files.pythonhosted.org/packages/72/34/14ca021ce8e5dfedc35312d08ba8bf51fdd999c576889fc2c24cb97f4f10/iniconfig-2.3.0.tar.gz", hash = "sha256:c76315c77db068650d49c5b56314774a7804df16fee4402c1f19d6d15d8c4730", size = 20503, upload-time = "2025-10-18T21:55:43.219Z" }
wheels = [
    { url = "https://files.pythonhosted.org/packages/cb/b1/3846dd7f199d53cb17f49cba7e651e9ce294d8497c8c150530ed11865bb8/iniconfig-2.3.0-py3-none-any.whl", hash = "sha256:f631c04d2c48c52b84d0d0549c99ff3859c98df65b3101406327ecc7d53fbf12", size = 7484, upload-time = "2025-10-18T21:55:41.639Z" },
]

[[package]]
name = "orjson"
version = "3.11.9"
source = { registry = "https://pypi.org/simple" }
sdist = { url = "https://files.pythonhosted.org/packages/7e/0c/964746fcafbd16f8ff53219ad9f6b412b34f345c75f384ad434ceaadb538/orjson-3.11.9.tar.gz", hash = "sha256:4fef17e1f8722c11587a6ef18e35902450221da0028e65dbaaa543619e68e48f", size = 5599163, upload-time = "2026-05-06T15:11:08.309Z" }
wheels = [
    { url = "https://files.pythonhosted.org/packages/1e/51/3fb9e65ae76ee97bd611869a503fa3fc0a6e81dd8b737cf3003f682df7ff/orjson-3.11.9-cp311-cp311-macosx_10_15_x86_64.macosx_11_0_arm64.macosx_10_15_universal2.whl", hash = "sha256:f01c4818b3fc9b0da8e096722a84318071eaa118df35f6ed2344da0e73a5444f", size = 228522, upload-time = "2026-05-06T15:09:35.362Z" },
    { url = "https://files.pythonhosted.org/packages/16/fa/9d54b07cb3f3b0bfd57841478e42d7a0ece4a9f49f9907eecf5a45461687/orjson-3.11.9-cp311-cp311-macosx_15_0_arm64.whl", hash = "sha256:3ebca4179031ee716ed076ffadc29428e900512f6fccee8614c9983157fcf19c", size = 128463, upload-time = "2026-05-06T15:09:37.063Z" },
    { url = "https://files.pythonhosted.org/packages/88/b1/6ceafc2eefd0a553e3be77ce6c49d107e772485d9568629376171c50e634/orjson-3.11.9-cp311-cp311-manylinux_2_17_aarch64.manylinux2014_aarch64.whl", hash = "sha256:48ee05097750de0ff69ed5b7bbcf0732182fd57a24043dcc2a1da780a5ead3a5", size = 132306, upload-time = "2026-05-06T15:09:38.299Z" },
    { url = "https://files.pythonhosted.org/packages/ea/76/f11311285324a40aab1e3031385c50b635a7cd0734fdaf60c7e89a696f60/orjson-3.11.9-cp311-cp311-manylinux_2_17_armv7l.manylinux2014_armv7l.whl", hash = "sha256:a6082706765a95a6680d812e1daf1c0cfe8adec7831b3ff3b625693f3b461b1c", size = 127988, upload-time = "2026-05-06T15:09:39.597Z" },
    { url = "https://files.pythonhosted.org/packages/9e/85/0ef63bcf1337f44031ce9b91b1919563f62a37527b3ea4368bb15a22e5d7/orjson-3.11.9-cp311-cp311-manylinux_2_17_i686.manylinux2014_i686.whl", hash = "sha256:277fefe9d76ee17eb14debf399e3533d4d63b5f677a4d3719eb763536af1f4bd", size = 135188, upload-time = "2026-05-06T15:09:40.957Z" },
    { url = "https://files.pythonhosted.org/packages/05/94/b0d27090ea8a2095db3c2bd1b1c96f96f19bbb494d7fef33130e846e613d/orjson-3.11.9-cp311-cp311-manylinux_2_17_ppc64le.manylinux2014_ppc64le.whl", hash = "sha256:03db380e3780fa0015ed776a90f20e8e20bb11dde13b216ce19e5718e3dfba62", size = 145937, upload-time = "2026-05-06T15:09:42.249Z" },
    { url = "https://files.pythonhosted.org/packages/09/eb/75d50c29c05b8054013e221e598820a365c8e64065312e75e202ed880709/orjson-3.11.9-cp311-cp311-manylinux_2_17_s390x.manylinux2014_s390x.whl", hash = "sha256:33d7d766701847dc6729846362dc27895d2f2d2251264f9d10e7cb9878194877", size = 132758, upload-time = "2026-05-06T15:09:43.945Z" },
    { url = "https://files.pythonhosted.org/packages/49/bd/360686f39348aa88827cb6fbf7dc606fd41c831a35235e1abf1db8e3a9e6/orjson-3.11.9-cp311-cp311-manylinux_2_17_x86_64.manylinux2014_x86_64.whl", hash = "sha256:147302878da387104b66bb4a8b0227d1d487e976ce41a8501916161072ed87b1", size = 133971, upload-time = "2026-05-06T15:09:45.239Z" },
    { url = "https://files.pythonhosted.org/packages/0e/30/3178eb16f3221aeef068b6f1f1ebe05f656ea5c6dffe9f6c917329fe17a3/orjson-3.11.9-cp311-cp311-musllinux_1_2_aarch64.whl", hash = "sha256:3513550321f8c8c811a7c3297b8a630e82dc08e4c10216d07703c997776236cd", size = 141685, upload-time = "2026-05-06T15:09:46.858Z" },
    { url = "https://files.pythonhosted.org/packages/5f/f1/ff2f19ed0225f9680fafa42febca3570dd59444ebf190980738d376214c2/orjson-3.11.9-cp311-cp311-musllinux_1_2_armv7l.whl", hash = "sha256:c5d001196b89fa9cf0a4ab79766cd835b991a166e4b621ba95089edc50c429ff", size = 415167, upload-time = "2026-05-06T15:09:48.312Z" },
    { url = "https://files.pythonhosted.org/packages/9b/61/863bddf0da6e9e586765414debd54b4e58db05f560902b6d00658cb88636/orjson-3.11.9-cp311-cp311-musllinux_1_2_i686.whl", hash = "sha256:16969c9d369c98eb084889c6e4d2d39b77c7eb38ceccf8da2a9fff62ae908980", size = 147913, upload-time = "2026-05-06T15:09:49.733Z" },
    { url = "https://files.pythonhosted.org/packages/b6/8a/4081492586d75b073d60c5271a8d0f05a0955cabf1e34c8473f6fcd84235/orjson-3.11.9-cp311-cp311-musllinux_1_2_x86_64.whl", hash = "sha256:63e0efbc991250c0b3143488fa57d95affcabbfc63c99c48d625dd37779aafe2", size = 136959, upload-time = "2026-05-06T15:09:51.311Z" },
    { url = "https://files.pythonhosted.org/packages/0d/bd/70b6ab193594d7abb875320c0a7c8335e846f28968c432c31042409c3c8d/orjson-3.11.9-cp311-cp311-win32.whl", hash = "sha256:14ed654580c1ed2bc217352ec82f91b047aef82951aa71c7f64e0dcb03c0e180", size = 131533, upload-time = "2026-05-06T15:09:52.637Z" },
    { url = "https://files.pythonhosted.org/packages/3f/17/1a1a228183d62d1b77e2c30d210f47dd4768b310ebe1607c63e3c0e3a71e/orjson-3.11.9-cp311-cp311-win_amd64.whl", hash = "sha256:57ea77fb70a448ce87d18fca050193202a3da5e54598f6501ca5476fb66cfe02", size = 127106, upload-time = "2026-05-06T15:09:54.204Z" },
    { url = "https://files.pythonhosted.org/packages/b8/95/285de5fa296d09681ee9c546cd4a8aeb773b701cf343dc125994f4d52953/orjson-3.11.9-cp311-cp311-win_arm64.whl", hash = "sha256:19b72ed11572a2ee51a67a903afbe5af504f84ed6f529c0fe44b0ab3fb5cc697", size = 126848, upload-time = "2026-05-06T15:09:55.551Z" },
    { url = "https://files.pythonhosted.org/packages/16/6d/11867a3ffa3a3608d84a4de51ef4dd0896d6b5cc9132fbe1daf593e677bc/orjson-3.11.9-cp312-cp312-macosx_10_15_x86_64.macosx_11_0_arm64.macosx_10_15_universal2.whl", hash = "sha256:9ef6fe90aadef185c7b128859f40beb24720b4ecea95379fc9000931179c3a49", size = 228515, upload-time = "2026-05-06T15:09:57.265Z" },
    { url = "https://files.pythonhosted.org/packages/24/75/05912954c8b288f34fcf5cd4b9b071cb4f6e77b9961e175e56ebb258089f/orjson-3.11.9-cp312-cp312-macosx_15_0_arm64.whl", hash = "sha256:e5c9b8f28e726e97d97696c826bc7bea5d71cecd63576dba92924a32c1961291", size = 128409, upload-time = "2026-05-06T15:09:59.063Z" },
    { url = "https://files.pythonhosted.org/packages/ab/86/1c3a47df3bc8191ea9ac51603bbb872a95167a364320c269f2557911f406/orjson-3.11.9-cp312-cp312-manylinux_2_17_aarch64.manylinux2014_aarch64.whl", hash = "sha256:26a473dbb4162108b27901492546f83c76fdcea3d0eadff00ae7a07e18dcce09", size = 132106, upload-time = "2026-05-06T15:10:00.798Z" },
    { url = "https://files.pythonhosted.org/packages/d7/cf/b33b5f3e695ae7d63feef9d915c37cc3b8f465493dcd4f8e0b4c697a2366/orjson-3.11.9-cp312-cp312-manylinux_2_17_armv7l.manylinux2014_armv7l.whl", hash = "sha256:011382e2a60fda9d46f1cdee31068cfc52ffe952b587d683ec0463002802a0f4", size = 127864, upload-time = "2026-05-06T15:10:02.15Z" },
    { url = "https://files.pythonhosted.org/packages/31/6a/6cf69385a58208024fcb8c014e2141b8ce838aba6492b589f8acfff97fab/orjson-3.11.9-cp312-cp312-manylinux_2_17_i686.manylinux2014_i686.whl", hash = "sha256:c2d3dc759490128c5c1711a53eeaa8ee1d437fd0038ffd2b6008abf46db3f882", size = 135213, upload-time = "2026-05-06T15:10:03.515Z" },
    { url = "https://files.pythonhosted.org/packages/e8/f8/0b1bd3e8f2efcdd376af5c8cfd79eaf13f018080c0089c80ebd724e3c7fb/orjson-3.11.9-cp312-cp312-manylinux_2_17_ppc64le.manylinux2014_ppc64le.whl", hash = "sha256:d8ea516b3726d190e1b4297e6f4e7a8650347ae053868a18163b4dd3641d1fff", size = 145994, upload-time = "2026-05-06T15:10:05.083Z" },
    { url = "https://files.pythonhosted.org/packages/f3/59/dab79f61044c529d2c81aecdc589b1f833a1c8dec11ba3b1c2498a02ca7e/orjson-3.11.9-cp312-cp312-manylinux_2_17_s390x.manylinux2014_s390x.whl", hash = "sha256:380cdce7ba24989af81d0a7013d0aaec5d0e2a21734c0e2681b1bc4f141957fe", size = 132744, upload-time = "2026-05-06T15:10:06.853Z" },
    { url = "https://files.pythonhosted.org/packages/0e/a4/82b7a2fe5d8a67a59ed831b24d59a3d46ea7d207b66e1602d376541d94a6/orjson-3.11.9-cp312-cp312-manylinux_2_17_x86_64.manylinux2014_x86_64.whl", hash = "sha256:be4fa4f0af7fa18951f7ab3fc2148e223af211bf03f59e1c6034ec3f97f21d61", size = 134014, upload-time = "2026-05-06T15:10:08.213Z" },
    { url = "https://files.pythonhosted.org/packages/50/c7/375e83a76851b73b2e39f3bcf0e5a19e2b89bad13e5bca97d0b293d27f24/orjson-3.11.9-cp312-cp312-musllinux_1_2_aarch64.whl", hash = "sha256:a8f5f8bc7ce7d59f08d9f99fa510c06496164a24cb5f3d34537dbd9ca30132e2", size = 141509, upload-time = "2026-05-06T15:10:09.595Z" },
    { url = "https://files.pythonhosted.org/packages/7f/7c/49d5d82a3d3097f641f094f552131f1e2723b0b8cb0fa2874ab65ecfffa6/orjson-3.11.9-cp312-cp312-musllinux_1_2_armv7l.whl", hash = "sha256:4d7fde5501b944f83b3e665e1b31343ff6e154b15560a16b7130ea1e594a4206", size = 415127, upload-time = "2026-05-06T15:10:11.049Z" },
    { url = "https://files.pythonhosted.org/packages/3a/dc/7446c538590d55f455647e5f3c61fc33f7108714e7afcffa6a2a033f8350/orjson-3.11.9-cp312-cp312-musllinux_1_2_i686.whl", hash = "sha256:cde1a448023ba7d5bb4c01c5afb48894380b5e4956e0627266526587ef4e535f", size = 148025, upload-time = "2026-05-06T15:10:12.842Z" },
    { url = "https://files.pythonhosted.org/packages/df/e5/4d2d8af06f788329b4f78f8cc3679bb395392fcaa1e4d8d3c33e85308fa4/orjson-3.11.9-cp312-cp312-musllinux_1_2_x86_64.whl", hash = "sha256:71e63adb0e1f1ed5d9e168f50a91ceb93ae6420731d222dc7da5c69409aa47aa", size = 136943, upload-time = "2026-05-06T15:10:14.405Z" },
    { url = "https://files.pythonhosted.org/packages/06/69/850264ccf6d80f6b174620d30a87f65c9b1490aba33fe6b62798e618cad3/orjson-3.11.9-cp312-cp312-win32.whl", hash = "sha256:2d057a602cdd19a0ad680417527c45b6961a095081c0f46fe0e03e304aac6470", size = 131606, upload-time = "2026-05-06T15:10:15.791Z" },
    { url = "https://files.pythonhosted.org/packages/b9/d5/973a43fc9c55e20f2051e9830997649f669be0cb3ca52192087c0143f118/orjson-3.11.9-cp312-cp312-win_amd64.whl", hash = "sha256:59e403b1cc5a676da8eaf31f6254801b7341b3e29efa85f92b48d272637e77be", size = 127101, upload-time = "2026-05-06T15:10:17.129Z" },
    { url = "https://files.pythonhosted.org/packages/fe/ae/495470f0e4a18f73fa10b7f6b84b464ec4cc5291c4e0c7c2a6c400bef006/orjson-3.11.9-cp312-cp312-win_arm64.whl", hash = "sha256:9af678d6488357948f1f84c6cd1c1d397c014e1ae2f98ae082a44eb48f602624", size = 126736, upload-time = "2026-05-06T15:10:18.645Z" },
    { url = "https://files.pythonhosted.org/packages/32/33/93fcc25907235c344ae73122f8a4e01d2d393ef062b4af7d2e2487a32c37/orjson-3.11.9-cp313-cp313-macosx_10_15_x86_64.macosx_11_0_arm64.macosx_10_15_universal2.whl", hash = "sha256:4bab1b2d6141fe7b32ae71dac905666ece4f94936efbfb13d55bb7739a3a6021", size = 228458, upload-time = "2026-05-06T15:10:20.079Z" },
    { url = "https://files.pythonhosted.org/packages/8f/27/b1e6dadb3c080313c03fdd8067b85e6a0460c7d8d6a1c3984ef77b904e4d/orjson-3.11.9-cp313-cp313-macosx_15_0_arm64.whl", hash = "sha256:844417969855fc7a41be124aafe83dc424592a7f77cd4501900c67307122b92c", size = 128368, upload-time = "2026-05-06T15:10:21.549Z" },
    { url = "https://files.pythonhosted.org/packages/21/0f/c9ede0bf052f6b4051e64a7d4fa91b725cccf8321a6a786e86eb03519f00/orjson-3.11.9-cp313-cp313-manylinux_2_17_aarch64.manylinux2014_aarch64.whl", hash = "sha256:ffe02797b5e9f3a9d8292ddcd289b474ad13e81ad83cd1891a240811f1d2cb81", size = 132070, upload-time = "2026-05-06T15:10:23.371Z" },
    { url = "https://files.pythonhosted.org/packages/fd/26/d398e28048dc18205bbe812f2c88cb9b40313db2470778e25964796458fe/orjson-3.11.9-cp313-cp313-manylinux_2_17_armv7l.manylinux2014_armv7l.whl", hash = "sha256:0e4eed3b200023042814d2fc8a5d2e880f13b52e1ed2485e83da4f3962f7dc1a", size = 127892, upload-time = "2026-05-06T15:10:24.714Z" },
    { url = "https://files.pythonhosted.org/packages/66/60/52b0054c4c700d5aa7fc5b7ca96917400d8f061307778578e67a10e25852/orjson-3.11.9-cp313-cp313-manylinux_2_17_i686.manylinux2014_i686.whl", hash = "sha256:8aff7da9952a5ad1cef8e68017724d96c7b9a66e99e91d6252e1b133d67a7b10", size = 135217, upload-time = "2026-05-06T15:10:26.084Z" },
    { url = "https://files.pythonhosted.org/packages/d5/97/1e3dc2b2a28b7b2528f403d2fc1d79ec5f39af3bc143ab65d3ec26426385/orjson-3.11.9-cp313-cp313-manylinux_2_17_ppc64le.manylinux2014_ppc64le.whl", hash = "sha256:4d4e98d6f3b8afed8bc8cd9718ec0cdf46661826beefb53fe8eafb37f2bf0362", size = 145980, upload-time = "2026-05-06T15:10:28.062Z" },
    { url = "https://files.pythonhosted.org/packages/fc/39/31fbfe7850f2de32dee7e7e5c09f26d403ab01e440ac96001c6b01ad3c99/orjson-3.11.9-cp313-cp313-manylinux_2_17_s390x.manylinux2014_s390x.whl", hash = "sha256:3a81d52442a7c99b3662333235b3adf96a1715864658b35bb797212be7bddb97", size = 132738, upload-time = "2026-05-06T15:10:29.727Z" },
    { url = "https://files.pythonhosted.org/packages/a1/08/dca0082dd2a194acb93e5457e73455388e2e2ca464a2672449a9ddbb679d/orjson-3.11.9-cp313-cp313-manylinux_2_17_x86_64.manylinux2014_x86_64.whl", hash = "sha256:4e39364e726a8fff737309aff059ff67d8a8c8d5b677be7bb49a8b3e84b7e218", size = 134033, upload-time = "2026-05-06T15:10:31.152Z" },
    { url = "https://files.pythonhosted.org/packages/11/d4/5bdb0626801230139987385554c5d4c42255218ac906525bf4347f22cd95/orjson-3.11.9-cp313-cp313-musllinux_1_2_aarch64.whl", hash = "sha256:4fd66214623f1b17501df9f0543bef0b833979ab5b6ded1e1d123222866aa8c9", size = 141492, upload-time = "2026-05-06T15:10:32.641Z" },
    { url = "https://files.pythonhosted.org/packages/fa/88/a21fb53b3ede6703aede6dce4710ed4111e5b201cfa6bbff5e544f9d47d7/orjson-3.11.9-cp313-cp313-musllinux_1_2_armv7l.whl", hash = "sha256:8ecc30f10465fa1e0ce13fd01d9e22c316e5053a719a8d915d4545a09a5ff677", size = 415087, upload-time = "2026-05-06T15:10:34.438Z" },
    { url = "https://files.pythonhosted.org/packages/3d/57/1b30daf70f0d8180e9a73cefbfbdd99e4bf19eb020466502b01fba7e0e50/orjson-3.11.9-cp313-cp313-musllinux_1_2_i686.whl", hash = "sha256:97db4c94a7db398a5bd636273324f0b3fd58b350bbbac8bb380ceb825a9b40f4", size = 148031, upload-time = "2026-05-06T15:10:36.358Z" },
    { url = "https://files.pythonhosted.org/packages/04/83/45fbb6d962e260807f99441db9613cee868ceda4baceda59b3720a563f97/orjson-3.11.9-cp313-cp313-musllinux_1_2_x86_64.whl", hash = "sha256:9f78cf8fec5bd627f4082b8dfeac7871b43d7f3274904492a43dab39f18a19a0", size = 136915, upload-time = "2026-05-06T15:10:38.013Z" },
    { url = "https://files.pythonhosted.org/packages/5f/cc/2d10025f9056d376e4127ec05a5808b218d46f035fdc08178a5411b34250/orjson-3.11.9-cp313-cp313-win32.whl", hash = "sha256:d4087e5c0209a0a8efe4de3303c234b9c44d1174161dcd851e8eea07c7560b32", size = 131613, upload-time = "2026-05-06T15:10:39.569Z" },
    { url = "https://files.pythonhosted.org/packages/67/bd/2775ff28bfe883b9aa1ff348300542eb2ef1ee18d8ae0e3a49846817a865/orjson-3.11.9-cp313-cp313-win_amd64.whl", hash = "sha256:051b102c93b4f634e89f3866b07b9a9a98915ada541f4ec30f177067b2694979", size = 127086, upload-time = "2026-05-06T15:10:41.262Z" },
    { url = "https://files.pythonhosted.org/packages/91/2b/d26799e580939e32a7da9a39531bc9e58e15ca32ffaa6a8cb3e9bb0d22cd/orjson-3.11.9-cp313-cp313-win_arm64.whl", hash = "sha256:cce9127885941bd28f080cecf1f1d288336b7e0d812c345b08be88b572796254", size = 126696, upload-time = "2026-05-06T15:10:42.651Z" },
    { url = "https://files.pythonhosted.org/packages/8e/eb/5da01e356015aee6ecfa1187ced87aef51364e306f5e695dd52719bf0e78/orjson-3.11.9-cp314-cp314-macosx_10_15_x86_64.macosx_11_0_arm64.macosx_10_15_universal2.whl", hash = "sha256:b6ef1979adc4bc243523f1a2ba91418030a8e29b0a99cbe7e0e2d6807d4dce6e", size = 228465, upload-time = "2026-05-06T15:10:44.097Z" },
    { url = "https://files.pythonhosted.org/packages/64/62/3e0e0c14c957133bcd855395c62b55ed4e3b0af23ffea11b032cb1dcbdb1/orjson-3.11.9-cp314-cp314-macosx_15_0_arm64.whl", hash = "sha256:f36b7f32c7c0db4a719f1fc5824db4a9c6f8bd1a354debb91faf26ebf3a4c71e", size = 128364, upload-time = "2026-05-06T15:10:45.839Z" },
    { url = "https://files.pythonhosted.org/packages/5a/5a/07d8aa117211a8ed7630bda80c8c0b14d04e0f8dcf99bcf49656e4a710eb/orjson-3.11.9-cp314-cp314-manylinux_2_17_aarch64.manylinux2014_aarch64.whl", hash = "sha256:08f4d8ebb44925c794e535b2bebc507cebf32209df81de22ae285fb0d8d66de0", size = 132063, upload-time = "2026-05-06T15:10:47.267Z" },
    { url = "https://files.pythonhosted.org/packages/d6/ec/4acaf21483e18aa945be74a474c74b434f284b549f275a0a39b9f98956e9/orjson-3.11.9-cp314-cp314-manylinux_2_17_armv7l.manylinux2014_armv7l.whl", hash = "sha256:6cc7923789694fd58f001cbcac7e47abc13af4d560ebbfcf3b41a8b1a0748124", size = 122356, upload-time = "2026-05-06T15:10:48.765Z" },
    { url = "https://files.pythonhosted.org/packages/13/d8/5f0555e7638801323b7a75850f92e7dfa891bc84fe27a1ba4449170d1200/orjson-3.11.9-cp314-cp314-manylinux_2_17_i686.manylinux2014_i686.whl", hash = "sha256:ea5c46eb2d3af39e806b986f4b09d5c2706a1f5afde3cbf7544ce6616127173c", size = 129592, upload-time = "2026-05-06T15:10:50.13Z" },
    { url = "https://files.pythonhosted.org/packages/b6/30/ed9860412a3603ceb3c5955bfd72d28b9d0e7ba6ed81add14f83d7114236/orjson-3.11.9-cp314-cp314-manylinux_2_17_ppc64le.manylinux2014_ppc64le.whl", hash = "sha256:f5d89a2ed90731df3be64bab0aa44f78bff39fdc9d71c291f4a8023aa46425b7", size = 140491, upload-time = "2026-05-06T15:10:51.582Z" },
    { url = "https://files.pythonhosted.org/packages/d0/17/adc514dea7ac7c505527febf884934b815d34f0c7b8693c1a8b39c5c4a57/orjson-3.11.9-cp314-cp314-manylinux_2_17_s390x.manylinux2014_s390x.whl", hash = "sha256:25e4aed0312d292c09f61af25bba34e0b2c88546041472b09088c39a4d828af1", size = 127309, upload-time = "2026-05-06T15:10:53.329Z" },
    { url = "https://files.pythonhosted.org/packages/76/3e/c0b690253f0b82d86e99949af13533363acfb5432ecb5d53dd5b3bce9c34/orjson-3.11.9-cp314-cp314-manylinux_2_17_x86_64.manylinux2014_x86_64.whl", hash = "sha256:aaea64f3f467d22e70eeed68bdccb3bc4f83f650446c4a03c59f2cba28a108db", size = 134030, upload-time = "2026-05-06T15:10:54.988Z" },
    { url = "https://files.pythonhosted.org/packages/c1/7a/bc82a0bb25e9faaf92dc4d9ef002732efc09737706af83e346788641d4a7/orjson-3.11.9-cp314-cp314-musllinux_1_2_aarch64.whl", hash = "sha256:a028425d1b440c5d92a6be1e1a020739dfe67ea87d96c6dbe828c1b30041728b", size = 141482, upload-time = "2026-05-06T15:10:56.663Z" },
    { url = "https://files.pythonhosted.org/packages/01/55/e69188b939f77d5d32a9833745ace31ea5ccae3ab613a1ec185d3cd2c4fb/orjson-3.11.9-cp314-cp314-musllinux_1_2_armv7l.whl", hash = "sha256:5b192c6cf397e4455b11523c5cf2b18ed084c1bbd61b6c0926344d2129481972", size = 415178, upload-time = "2026-05-06T15:10:58.446Z" },
    { url = "https://files.pythonhosted.org/packages/2e/1a/b8a5a7ac527e80b9cb11d51e3f6689b709279183264b9ec5c7bc680bb8b5/orjson-3.11.9-cp314-cp314-musllinux_1_2_i686.whl", hash = "sha256:ea407d4ccf5891d667d045fecae97a7a1e5e87b3b97f97ae1803c2e741130be0", size = 148089, upload-time = "2026-05-06T15:11:00.441Z" },
    { url = "https://files.pythonhosted.org/packages/97/4e/00503f64204bf859b37213a63927028f30fb6268cd8677fb0a5ad48155e1/orjson-3.11.9-cp314-cp314-musllinux_1_2_x86_64.whl", hash = "sha256:5f63aaf97afd9f6dec5b1a68e1b8da12bfccb4cb9a9a65c3e0b6c847849e7586", size = 136921, upload-time = "2026-05-06T15:11:02.176Z" },
    { url = "https://files.pythonhosted.org/packages/0d/ba/a23b82a0a8d0ed7bed4e5f5035aae751cad4ff6a1e8d2ecd14d8860f5929/orjson-3.11.9-cp314-cp314-win32.whl", hash = "sha256:e30ab17845bb9fa54ccf67fa4f9f5282652d54faa6d17452f47d0f369d038673", size = 131638, upload-time = "2026-05-06T15:11:03.696Z" },
    { url = "https://files.pythonhosted.org/packages/f3/c3/0c6798456bade745c75c452342dabacce5798196483e77e643be1f53877d/orjson-3.11.9-cp314-cp314-win_amd64.whl", hash = "sha256:32ef5f4283a3be81913947d19608eacb7c6608026851123790cd9cc8982af34b", size = 127078, upload-time = "2026-05-06T15:11:05.123Z" },
    { url = "https://files.pythonhosted.org/packages/16/21/5a3f1e8913103b703a436a5664238e5b965ec392b555fe68943ea3691e6b/orjson-3.11.9-cp314-cp314-win_arm64.whl", hash = "sha256:eebdbdeef0094e4f5aefa20dcd4eb2368ab5e7a3b4edea27f1e7b2892e009cf9", size = 126687, upload-time = "2026-05-06T15:11:06.602Z" },
]

[[package]]
name = "packaging"
version = "26.2"
source = { registry = "https://pypi.org/simple" }
sdist = { url = "https://files.pythonhosted.org/packages/d7/f1/e7a6dd94a8d4a5626c03e4e99c87f241ba9e350cd9e6d75123f992427270/packaging-26.2.tar.gz", hash = "sha256:ff452ff5a3e828ce110190feff1178bb1f2ea2281fa2075aadb987c2fb221661", size = 228134, upload-time = "2026-04-24T20:15:23.917Z" }
wheels = [
    { url = "https://files.pythonhosted.org/packages/df/b2/87e62e8c3e2f4b32e5fe99e0b86d576da1312593b39f47d8ceef365e95ed/packaging-26.2-py3-none-any.whl", hash = "sha256:5fc45236b9446107ff2415ce77c807cee2862cb6fac22b8a73826d0693b0980e", size = 100195, upload-time = "2026-04-24T20:15:22.081Z" },
]

[[package]]
name = "pika"
version = "1.4.0"
source = { registry = "https://pypi.org/simple" }
sdist = { url = "https://files.pythonhosted.org/packages/4b/15/b6a706f1e886335aedc1e21d23913fe1a0fdaadd597d7721b26f11fe306a/pika-1.4.0.tar.gz", hash = "sha256:84aa6d0cf60bbdb79d5780544a4a4e1799392760127bf9de2a03d3c3b92f5f1a", size = 154264, upload-time = "2026-05-06T18:04:32.569Z" }
wheels = [
    { url = "https://files.pythonhosted.org/packages/dd/07/b7269c5367995648897a40ae37054780fc68b71afcc51c169a739c653d4b/pika-1.4.0-py3-none-any.whl", hash = "sha256:937d8576f92a1ce3673d442161fefef614ac557583e10b9d84c14a6e228ed6a7", size = 164964, upload-time = "2026-05-06T18:04:31.343Z" },
]

[[package]]
name = "pluggy"
version = "1.6.0"
source = { registry = "https://pypi.org/simple" }
sdist = { url = "https://files.pythonhosted.org/packages/f9/e2/3e91f31a7d2b083fe6ef3fa267035b518369d9511ffab804f839851d2779/pluggy-1.6.0.tar.gz", hash = "sha256:7dcc130b76258d33b90f61b658791dede3486c3e6bfb003ee5c9bfb396dd22f3", size = 69412, upload-time = "2025-05-15T12:30:07.975Z" }
wheels = [
    { url = "https://files.pythonhosted.org/packages/54/20/4d324d65cc6d9205fabedc306948156824eb9f0ee1633355a8f7ec5c66bf/pluggy-1.6.0-py3-none-any.whl", hash = "sha256:e920276dd6813095e9377c0bc5566d94c932c33b27a3e3945d8389c374dd4746", size = 20538, upload-time = "2025-05-15T12:30:06.134Z" },
]

[[package]]
name = "pygments"
version = "2.20.0"
source = { registry = "https://pypi.org/simple" }
sdist = { url = "https://files.pythonhosted.org/packages/c3/b2/bc9c9196916376152d655522fdcebac55e66de6603a76a02bca1b6414f6c/pygments-2.20.0.tar.gz", hash = "sha256:6757cd03768053ff99f3039c1a36d6c0aa0b263438fcab17520b30a303a82b5f", size = 4955991, upload-time = "2026-03-29T13:29:33.898Z" }
wheels = [
    { url = "https://files.pythonhosted.org/packages/f4/7e/a72dd26f3b0f4f2bf1dd8923c85f7ceb43172af56d63c7383eb62b332364/pygments-2.20.0-py3-none-any.whl", hash = "sha256:81a9e26dd42fd28a23a2d169d86d7ac03b46e2f8b59ed4698fb4785f946d0176", size = 1231151, upload-time = "2026-03-29T13:29:30.038Z" },
]

[[package]]
name = "pytest"
version = "8.4.2"
source = { registry = "https://pypi.org/simple" }
dependencies = [
    { name = "colorama", marker = "sys_platform == 'win32'" },
    { name = "iniconfig" },
    { name = "packaging" },
    { name = "pluggy" },
    { name = "pygments" },
]
sdist = { url = "https://files.pythonhosted.org/packages/a3/5c/00a0e072241553e1a7496d638deababa67c5058571567b92a7eaa258397c/pytest-8.4.2.tar.gz", hash = "sha256:86c0d0b93306b961d58d62a4db4879f27fe25513d4b969df351abdddb3c30e01", size = 1519618, upload-time = "2025-09-04T14:34:22.711Z" }
wheels = [
    { url = "https://files.pythonhosted.org/packages/a8/a4/20da314d277121d6534b3a980b29035dcd51e6744bd79075a6ce8fa4eb8d/pytest-8.4.2-py3-none-any.whl", hash = "sha256:872f880de3fc3a5bdc88a11b39c9710c3497a547cfa9320bc3c5e62fbf272e79", size = 365750, upload-time = "2025-09-04T14:34:20.226Z" },
]

[[package]]
name = "pytest-mock"
version = "3.15.1"
source = { registry = "https://pypi.org/simple" }
dependencies = [
    { name = "pytest" },
]
sdist = { url = "https://files.pythonhosted.org/packages/68/14/eb014d26be205d38ad5ad20d9a80f7d201472e08167f0bb4361e251084a9/pytest_mock-3.15.1.tar.gz", hash = "sha256:1849a238f6f396da19762269de72cb1814ab44416fa73a8686deac10b0d87a0f", size = 34036, upload-time = "2025-09-16T16:37:27.081Z" }
wheels = [
    { url = "https://files.pythonhosted.org/packages/5a/cc/06253936f4a7fa2e0f48dfe6d851d9c56df896a9ab09ac019d70b760619c/pytest_mock-3.15.1-py3-none-any.whl", hash = "sha256:0a25e2eb88fe5168d535041d09a4529a188176ae608a6d249ee65abc0949630d", size = 10095, upload-time = "2025-09-16T16:37:25.734Z" },
]

[[package]]
name = "throw-catch"
version = "0.3.0"
source = { editable = "." }
dependencies = [
    { name = "orjson" },
    { name = "pika" },
]

[package.dev-dependencies]
dev = [
    { name = "pytest" },
    { name = "pytest-mock" },
]

[package.metadata]
requires-dist = [
    { name = "orjson", specifier = ">=3.8,<4.0" },
    { name = "pika", specifier = ">=1.3,<2.0" },
]

[package.metadata.requires-dev]
dev = [
    { name = "pytest", specifier = ">=8.0,<9.0" },
    { name = "pytest-mock", specifier = ">=3.10,<4.0" },
]
